
Microsoft Visual Studio Solution File, Format Version 12.00
# Visual Studio 2013
VisualStudioVersion = 12.0.40629.0
MinimumVisualStudioVersion = 10.0.40219.1
Project("{2150E333-8FDC-42A3-9474-1A3956D46DE8}") = "Solution Items", "Solution Items", "{BFA6CA90-FDB1-4C38-AF74-10A799474FBB}"
	ProjectSection(SolutionItems) = preProject
		exam-rules.txt = exam-rules.txt
		tasks.txt = tasks.txt
	EndProjectSection
EndProject
Project("{FAE04EC0-301F-11D3-BF4B-00C04F79EFBC}") = "Service", "Service\Service.csproj", "{35D51CB9-DD6C-4C60-A467-DAD919B6CC15}"
EndProject
Project("{FAE04EC0-301F-11D3-BF4B-00C04F79EFBC}") = "Server", "Server\Server.csproj", "{1221ABF3-D7E2-43AB-B5EA-BA52741D949D}"
EndProject
Project("{FAE04EC0-301F-11D3-BF4B-00C04F79EFBC}") = "Client", "Client\Client.csproj", "{268277CF-3D4A-4930-881E-5F43D977AD4F}"
EndProject
Global
	GlobalSection(SolutionConfigurationPlatforms) = preSolution
		Debug|Any CPU = Debug|Any CPU
		Release|Any CPU = Release|Any CPU
	EndGlobalSection
	GlobalSection(ProjectConfigurationPlatforms) = postSolution
		{35D51CB9-DD6C-4C60-A467-DAD919B6CC15}.Debug|Any CPU.ActiveCfg = Debug|Any CPU
		{35D51CB9-DD6C-4C60-A467-DAD919B6CC15}.Debug|Any CPU.Build.0 = Debug|Any CPU
		{35D51CB9-DD6C-4C60-A467-DAD919B6CC15}.Release|Any CPU.ActiveCfg = Release|Any CPU
		{35D51CB9-DD6C-4C60-A467-DAD919B6CC15}.Release|Any CPU.Build.0 = Release|Any CPU
		{1221ABF3-D7E2-43AB-B5EA-BA52741D949D}.Debug|Any CPU.ActiveCfg = Debug|Any CPU
		{1221ABF3-D7E2-43AB-B5EA-BA52741D949D}.Debug|Any CPU.Build.0 = Debug|Any CPU
		{1221ABF3-D7E2-43AB-B5EA-BA52741D949D}.Release|Any CPU.ActiveCfg = Release|Any CPU
		{1221ABF3-D7E2-43AB-B5EA-BA52741D949D}.Release|Any CPU.Build.0 = Release|Any CPU
		{268277CF-3D4A-4930-881E-5F43D977AD4F}.Debug|Any CPU.ActiveCfg = Debug|Any CPU
		{268277CF-3D4A-4930-881E-5F43D977AD4F}.Debug|Any CPU.Build.0 = Debug|Any CPU
		{268277CF-3D4A-4930-881E-5F43D977AD4F}.Debug|Any CPU.Deploy.0 = Debug|Any CPU
		{268277CF-3D4A-4930-881E-5F43D977AD4F}.Release|Any CPU.ActiveCfg = Release|Any CPU
		{268277CF-3D4A-4930-881E-5F43D977AD4F}.Release|Any CPU.Build.0 = Release|Any CPU
		{268277CF-3D4A-4930-881E-5F43D977AD4F}.Release|Any CPU.Deploy.0 = Release|Any CPU
	EndGlobalSection
	GlobalSection(SolutionProperties) = preSolution
		HideSolutionNode = FALSE
	EndGlobalSection
EndGlobal
